
Microsoft Visual Studio Solution File, Format Version 12.00
# Visual Studio Version 17
VisualStudioVersion = 17.6.33723.286
MinimumVisualStudioVersion = 10.0.40219.1
Project("{FAE04EC0-301F-11D3-BF4B-00C04F79EFBC}") = "projetogitvs2022", "projetogitvs2022\projetogitvs2022.csproj", "{95DA8B17-82F2-4CD2-BA5E-FD1E618DE616}"
EndProject
Global
	GlobalSection(SolutionConfigurationPlatforms) = preSolution
		Debug|Any CPU = Debug|Any CPU
		Release|Any CPU = Release|Any CPU
	EndGlobalSection
	GlobalSection(ProjectConfigurationPlatforms) = postSolution
		{95DA8B17-82F2-4CD2-BA5E-FD1E618DE616}.Debug|Any CPU.ActiveCfg = Debug|Any CPU
		{95DA8B17-82F2-4CD2-BA5E-FD1E618DE616}.Debug|Any CPU.Build.0 = Debug|Any CPU
		{95DA8B17-82F2-4CD2-BA5E-FD1E618DE616}.Release|Any CPU.ActiveCfg = Release|Any CPU
		{95DA8B17-82F2-4CD2-BA5E-FD1E618DE616}.Release|Any CPU.Build.0 = Release|Any CPU
	EndGlobalSection
	GlobalSection(SolutionProperties) = preSolution
		HideSolutionNode = FALSE
	EndGlobalSection
	GlobalSection(ExtensibilityGlobals) = postSolution
		SolutionGuid = {8BF206E2-F1C9-40A5-A4E9-8A777A610823}
	EndGlobalSection
EndGlobal
